
Microsoft Visual Studio Solution File, Format Version 12.00
# Visual Studio Version 16
VisualStudioVersion = 16.0.30011.22
MinimumVisualStudioVersion = 10.0.40219.1
Project("{9A19103F-16F7-4668-BE54-9A1E7A4F7556}") = "BookStore-API", "BookStore-API\BookStore-API.csproj", "{D00E0996-1F31-48EF-B164-DB1B6FFF360A}"
EndProject
Project("{9A19103F-16F7-4668-BE54-9A1E7A4F7556}") = "BookStore-UI", "BookStore-UI\BookStore-UI.csproj", "{B07D2CF0-E56B-4BDA-A025-C38F96ADC818}"
EndProject
Global
	GlobalSection(SolutionConfigurationPlatforms) = preSolution
		Debug|Any CPU = Debug|Any CPU
		Release|Any CPU = Release|Any CPU
	EndGlobalSection
	GlobalSection(ProjectConfigurationPlatforms) = postSolution
		{D00E0996-1F31-48EF-B164-DB1B6FFF360A}.Debug|Any CPU.ActiveCfg = Debug|Any CPU
		{D00E0996-1F31-48EF-B164-DB1B6FFF360A}.Debug|Any CPU.Build.0 = Debug|Any CPU
		{D00E0996-1F31-48EF-B164-DB1B6FFF360A}.Release|Any CPU.ActiveCfg = Release|Any CPU
		{D00E0996-1F31-48EF-B164-DB1B6FFF360A}.Release|Any CPU.Build.0 = Release|Any CPU
		{B07D2CF0-E56B-4BDA-A025-C38F96ADC818}.Debug|Any CPU.ActiveCfg = Debug|Any CPU
		{B07D2CF0-E56B-4BDA-A025-C38F96ADC818}.Debug|Any CPU.Build.0 = Debug|Any CPU
		{B07D2CF0-E56B-4BDA-A025-C38F96ADC818}.Release|Any CPU.ActiveCfg = Release|Any CPU
		{B07D2CF0-E56B-4BDA-A025-C38F96ADC818}.Release|Any CPU.Build.0 = Release|Any CPU
	EndGlobalSection
	GlobalSection(SolutionProperties) = preSolution
		HideSolutionNode = FALSE
	EndGlobalSection
	GlobalSection(ExtensibilityGlobals) = postSolution
		SolutionGuid = {21536E35-F0EF-409F-9BEA-713B717694D9}
	EndGlobalSection
EndGlobal
